
Microsoft Visual Studio Solution File, Format Version 12.00
# Visual Studio 15
VisualStudioVersion = 15.0.28307.329
MinimumVisualStudioVersion = 10.0.40219.1
Project("{FAE04EC0-301F-11D3-BF4B-00C04F79EFBC}") = "Notepad", "Notepad\Notepad.csproj", "{E268353C-14B6-4088-9A5C-6E74D59C4CDA}"
EndProject
Global
	GlobalSection(SolutionConfigurationPlatforms) = preSolution
		Debug|Any CPU = Debug|Any CPU
		Release|Any CPU = Release|Any CPU
	EndGlobalSection
	GlobalSection(ProjectConfigurationPlatforms) = postSolution
		{E268353C-14B6-4088-9A5C-6E74D59C4CDA}.Debug|Any CPU.ActiveCfg = Debug|Any CPU
		{E268353C-14B6-4088-9A5C-6E74D59C4CDA}.Debug|Any CPU.Build.0 = Debug|Any CPU
		{E268353C-14B6-4088-9A5C-6E74D59C4CDA}.Release|Any CPU.ActiveCfg = Release|Any CPU
		{E268353C-14B6-4088-9A5C-6E74D59C4CDA}.Release|Any CPU.Build.0 = Release|Any CPU
	EndGlobalSection
	GlobalSection(SolutionProperties) = preSolution
		HideSolutionNode = FALSE
	EndGlobalSection
	GlobalSection(ExtensibilityGlobals) = postSolution
		SolutionGuid = {9C570012-ACF1-41AE-BA66-9BEF638BC86F}
	EndGlobalSection
EndGlobal
